// !$*UTF8*$!
{
	archiveVersion = 1;
	classes = {
	};
	objectVersion = 56;
	objects = {

/* Begin PBXBuildFile section */
		C289334629A0575400A7FC3D /* AppDelegate.swift in Sources */ = {isa = PBXBuildFile; fileRef = C289334529A0575400A7FC3D /* AppDelegate.swift */; };
		C289334829A0575400A7FC3D /* SceneDelegate.swift in Sources */ = {isa = PBXBuildFile; fileRef = C289334729A0575400A7FC3D /* SceneDelegate.swift */; };
		C289334A29A0575400A7FC3D /* MapViewController.swift in Sources */ = {isa = PBXBuildFile; fileRef = C289334929A0575400A7FC3D /* MapViewController.swift */; };
		C289334D29A0575400A7FC3D /* Main.storyboard in Resources */ = {isa = PBXBuildFile; fileRef = C289334B29A0575400A7FC3D /* Main.storyboard */; };
		C289334F29A0575600A7FC3D /* Assets.xcassets in Resources */ = {isa = PBXBuildFile; fileRef = C289334E29A0575600A7FC3D /* Assets.xcassets */; };
		C289335229A0575600A7FC3D /* LaunchScreen.storyboard in Resources */ = {isa = PBXBuildFile; fileRef = C289335029A0575600A7FC3D /* LaunchScreen.storyboard */; };
		C289335A29A0586C00A7FC3D /* ParkData.json in Resources */ = {isa = PBXBuildFile; fileRef = C289335929A0586C00A7FC3D /* ParkData.json */; };
		C289335C29A0590300A7FC3D /* MapViewModel.swift in Sources */ = {isa = PBXBuildFile; fileRef = C289335B29A0590300A7FC3D /* MapViewModel.swift */; };
		C289335E29A059EA00A7FC3D /* ParkData.swift in Sources */ = {isa = PBXBuildFile; fileRef = C289335D29A059EA00A7FC3D /* ParkData.swift */; };
		C289336029A05A2600A7FC3D /* ApiCall.swift in Sources */ = {isa = PBXBuildFile; fileRef = C289335F29A05A2600A7FC3D /* ApiCall.swift */; };
		C289336229A05A6600A7FC3D /* ReadLocalJson.swift in Sources */ = {isa = PBXBuildFile; fileRef = C289336129A05A6600A7FC3D /* ReadLocalJson.swift */; };
/* End PBXBuildFile section */

/* Begin PBXFileReference section */
		C289334229A0575400A7FC3D /* MapKitExample.app */ = {isa = PBXFileReference; explicitFileType = wrapper.application; includeInIndex = 0; path = MapKitExample.app; sourceTree = BUILT_PRODUCTS_DIR; };
		C289334529A0575400A7FC3D /* AppDelegate.swift */ = {isa = PBXFileReference; lastKnownFileType = sourcecode.swift; path = AppDelegate.swift; sourceTree = "<group>"; };
		C289334729A0575400A7FC3D /* SceneDelegate.swift */ = {isa = PBXFileReference; lastKnownFileType = sourcecode.swift; path = SceneDelegate.swift; sourceTree = "<group>"; };
		C289334929A0575400A7FC3D /* MapViewController.swift */ = {isa = PBXFileReference; lastKnownFileType = sourcecode.swift; path = MapViewController.swift; sourceTree = "<group>"; };
		C289334C29A0575400A7FC3D /* Base */ = {isa = PBXFileReference; lastKnownFileType = file.storyboard; name = Base; path = Base.lproj/Main.storyboard; sourceTree = "<group>"; };
		C289334E29A0575600A7FC3D /* Assets.xcassets */ = {isa = PBXFileReference; lastKnownFileType = folder.assetcatalog; path = Assets.xcassets; sourceTree = "<group>"; };
		C289335129A0575600A7FC3D /* Base */ = {isa = PBXFileReference; lastKnownFileType = file.storyboard; name = Base; path = Base.lproj/LaunchScreen.storyboard; sourceTree = "<group>"; };
		C289335329A0575600A7FC3D /* Info.plist */ = {isa = PBXFileReference; lastKnownFileType = text.plist.xml; path = Info.plist; sourceTree = "<group>"; };
		C289335929A0586C00A7FC3D /* ParkData.json */ = {isa = PBXFileReference; lastKnownFileType = text.json; path = ParkData.json; sourceTree = "<group>"; };
		C289335B29A0590300A7FC3D /* MapViewModel.swift */ = {isa = PBXFileReference; lastKnownFileType = sourcecode.swift; path = MapViewModel.swift; sourceTree = "<group>"; };
		C289335D29A059EA00A7FC3D /* ParkData.swift */ = {isa = PBXFileReference; lastKnownFileType = sourcecode.swift; path = ParkData.swift; sourceTree = "<group>"; };
		C289335F29A05A2600A7FC3D /* ApiCall.swift */ = {isa = PBXFileReference; lastKnownFileType = sourcecode.swift; path = ApiCall.swift; sourceTree = "<group>"; };
		C289336129A05A6600A7FC3D /* ReadLocalJson.swift */ = {isa = PBXFileReference; lastKnownFileType = sourcecode.swift; path = ReadLocalJson.swift; sourceTree = "<group>"; };
/* End PBXFileReference section */

/* Begin PBXFrameworksBuildPhase section */
		C289333F29A0575400A7FC3D /* Frameworks */ = {
			isa = PBXFrameworksBuildPhase;
			buildActionMask = 2147483647;
			files = (
			);
			runOnlyForDeploymentPostprocessing = 0;
		};
/* End PBXFrameworksBuildPhase section */

/* Begin PBXGroup section */
		C23F4CDA29A818DE001115B0 /* Utils */ = {
			isa = PBXGroup;
			children = (
				C289336129A05A6600A7FC3D /* ReadLocalJson.swift */,
				C289335F29A05A2600A7FC3D /* ApiCall.swift */,
			);
			path = Utils;
			sourceTree = "<group>";
		};
		C23F4CDB29A818E6001115B0 /* ViewModel */ = {
			isa = PBXGroup;
			children = (
				C289335B29A0590300A7FC3D /* MapViewModel.swift */,
			);
			path = ViewModel;
			sourceTree = "<group>";
		};
		C23F4CDC29A818F2001115B0 /* Data */ = {
			isa = PBXGroup;
			children = (
				C289335929A0586C00A7FC3D /* ParkData.json */,
				C289335D29A059EA00A7FC3D /* ParkData.swift */,
			);
			path = Data;
			sourceTree = "<group>";
		};
		C289333929A0575400A7FC3D = {
			isa = PBXGroup;
			children = (
				C289334429A0575400A7FC3D /* MapKitExample */,
				C289334329A0575400A7FC3D /* Products */,
			);
			sourceTree = "<group>";
		};
		C289334329A0575400A7FC3D /* Products */ = {
			isa = PBXGroup;
			children = (
				C289334229A0575400A7FC3D /* MapKitExample.app */,
			);
			name = Products;
			sourceTree = "<group>";
		};
		C289334429A0575400A7FC3D /* MapKitExample */ = {
			isa = PBXGroup;
			children = (
				C289334529A0575400A7FC3D /* AppDelegate.swift */,
				C289334729A0575400A7FC3D /* SceneDelegate.swift */,
				C289334929A0575400A7FC3D /* MapViewController.swift */,
				C289334B29A0575400A7FC3D /* Main.storyboard */,
				C289334E29A0575600A7FC3D /* Assets.xcassets */,
				C289335029A0575600A7FC3D /* LaunchScreen.storyboard */,
				C289335329A0575600A7FC3D /* Info.plist */,
				C23F4CDC29A818F2001115B0 /* Data */,
				C23F4CDB29A818E6001115B0 /* ViewModel */,
				C23F4CDA29A818DE001115B0 /* Utils */,
			);
			path = MapKitExample;
			sourceTree = "<group>";
		};
/* End PBXGroup section */

/* Begin PBXNativeTarget section */
		C289334129A0575400A7FC3D /* MapKitExample */ = {
			isa = PBXNativeTarget;
			buildConfigurationList = C289335629A0575600A7FC3D /* Build configuration list for PBXNativeTarget "MapKitExample" */;
			buildPhases = (
				C289333E29A0575400A7FC3D /* Sources */,
				C289333F29A0575400A7FC3D /* Frameworks */,
				C289334029A0575400A7FC3D /* Resources */,
			);
			buildRules = (
			);
			dependencies = (
			);
			name = MapKitExample;
			productName = MapKitExample;
			productReference = C289334229A0575400A7FC3D /* MapKitExample.app */;
			productType = "com.apple.product-type.application";
		};
/* End PBXNativeTarget section */

/* Begin PBXProject section */
		C289333A29A0575400A7FC3D /* Project object */ = {
			isa = PBXProject;
			attributes = {
				BuildIndependentTargetsInParallel = 1;
				LastSwiftUpdateCheck = 1420;
				LastUpgradeCheck = 1420;
				TargetAttributes = {
					C289334129A0575400A7FC3D = {
						CreatedOnToolsVersion = 14.2;
					};
				};
			};
			buildConfigurationList = C289333D29A0575400A7FC3D /* Build configuration list for PBXProject "MapKitExample" */;
			compatibilityVersion = "Xcode 14.0";
			developmentRegion = en;
			hasScannedForEncodings = 0;
			knownRegions = (
				en,
				Base,
			);
			mainGroup = C289333929A0575400A7FC3D;
			productRefGroup = C289334329A0575400A7FC3D /* Products */;
			projectDirPath = "";
			projectRoot = "";
			targets = (
				C289334129A0575400A7FC3D /* MapKitExample */,
			);
		};
/* End PBXProject section */

/* Begin PBXResourcesBuildPhase section */
		C289334029A0575400A7FC3D /* Resources */ = {
			isa = PBXResourcesBuildPhase;
			buildActionMask = 2147483647;
			files = (
				C289335229A0575600A7FC3D /* LaunchScreen.storyboard in Resources */,
				C289335A29A0586C00A7FC3D /* ParkData.json in Resources */,
				C289334F29A0575600A7FC3D /* Assets.xcassets in Resources */,
				C289334D29A0575400A7FC3D /* Main.storyboard in Resources */,
			);
			runOnlyForDeploymentPostprocessing = 0;
		};
/* End PBXResourcesBuildPhase section */

/* Begin PBXSourcesBuildPhase section */
		C289333E29A0575400A7FC3D /* Sources */ = {
			isa = PBXSourcesBuildPhase;
			buildActionMask = 2147483647;
			files = (
				C289334A29A0575400A7FC3D /* MapViewController.swift in Sources */,
				C289334629A0575400A7FC3D /* AppDelegate.swift in Sources */,
				C289335E29A059EA00A7FC3D /* ParkData.swift in Sources */,
				C289336229A05A6600A7FC3D /* ReadLocalJson.swift in Sources */,
				C289334829A0575400A7FC3D /* SceneDelegate.swift in Sources */,
				C289336029A05A2600A7FC3D /* ApiCall.swift in Sources */,
				C289335C29A0590300A7FC3D /* MapViewModel.swift in Sources */,
			);
			runOnlyForDeploymentPostprocessing = 0;
		};
/* End PBXSourcesBuildPhase section */

/* Begin PBXVariantGroup section */
		C289334B29A0575400A7FC3D /* Main.storyboard */ = {
			isa = PBXVariantGroup;
			children = (
				C289334C29A0575400A7FC3D /* Base */,
			);
			name = Main.storyboard;
			sourceTree = "<group>";
		};
		C289335029A0575600A7FC3D /* LaunchScreen.storyboard */ = {
			isa = PBXVariantGroup;
			children = (
				C289335129A0575600A7FC3D /* Base */,
			);
			name = LaunchScreen.storyboard;
			sourceTree = "<group>";
		};
/* End PBXVariantGroup section */

/* Begin XCBuildConfiguration section */
		C289335429A0575600A7FC3D /* Debug */ = {
			isa = XCBuildConfiguration;
			buildSettings = {
				ALWAYS_SEARCH_USER_PATHS = NO;
				CLANG_ANALYZER_NONNULL = YES;
				CLANG_ANALYZER_NUMBER_OBJECT_CONVERSION = YES_AGGRESSIVE;
				CLANG_CXX_LANGUAGE_STANDARD = "gnu++20";
				CLANG_ENABLE_MODULES = YES;
				CLANG_ENABLE_OBJC_ARC = YES;
				CLANG_ENABLE_OBJC_WEAK = YES;
				CLANG_WARN_BLOCK_CAPTURE_AUTORELEASING = YES;
				CLANG_WARN_BOOL_CONVERSION = YES;
				CLANG_WARN_COMMA = YES;
				CLANG_WARN_CONSTANT_CONVERSION = YES;
				CLANG_WARN_DEPRECATED_OBJC_IMPLEMENTATIONS = YES;
				CLANG_WARN_DIRECT_OBJC_ISA_USAGE = YES_ERROR;
				CLANG_WARN_DOCUMENTATION_COMMENTS = YES;
				CLANG_WARN_EMPTY_BODY = YES;
				CLANG_WARN_ENUM_CONVERSION = YES;
				CLANG_WARN_INFINITE_RECURSION = YES;
				CLANG_WARN_INT_CONVERSION = YES;
				CLANG_WARN_NON_LITERAL_NULL_CONVERSION = YES;
				CLANG_WARN_OBJC_IMPLICIT_RETAIN_SELF = YES;
				CLANG_WARN_OBJC_LITERAL_CONVERSION = YES;
				CLANG_WARN_OBJC_ROOT_CLASS = YES_ERROR;
				CLANG_WARN_QUOTED_INCLUDE_IN_FRAMEWORK_HEADER = YES;
				CLANG_WARN_RANGE_LOOP_ANALYSIS = YES;
				CLANG_WARN_STRICT_PROTOTYPES = YES;
				CLANG_WARN_SUSPICIOUS_MOVE = YES;
				CLANG_WARN_UNGUARDED_AVAILABILITY = YES_AGGRESSIVE;
				CLANG_WARN_UNREACHABLE_CODE = YES;
				CLANG_WARN__DUPLICATE_METHOD_MATCH = YES;
				COPY_PHASE_STRIP = NO;
				DEBUG_INFORMATION_FORMAT = dwarf;
				ENABLE_STRICT_OBJC_MSGSEND = YES;
				ENABLE_TESTABILITY = YES;
				GCC_C_LANGUAGE_STANDARD = gnu11;
				GCC_DYNAMIC_NO_PIC = NO;
				GCC_NO_COMMON_BLOCKS = YES;
				GCC_OPTIMIZATION_LEVEL = 0;
				GCC_PREPROCESSOR_DEFINITIONS = (
					"DEBUG=1",
					"$(inherited)",
				);
				GCC_WARN_64_TO_32_BIT_CONVERSION = YES;
				GCC_WARN_ABOUT_RETURN_TYPE = YES_ERROR;
				GCC_WARN_UNDECLARED_SELECTOR = YES;
				GCC_WARN_UNINITIALIZED_AUTOS = YES_AGGRESSIVE;
				GCC_WARN_UNUSED_FUNCTION = YES;
				GCC_WARN_UNUSED_VARIABLE = YES;
				IPHONEOS_DEPLOYMENT_TARGET = 16.2;
				MTL_ENABLE_DEBUG_INFO = INCLUDE_SOURCE;
				MTL_FAST_MATH = YES;
				ONLY_ACTIVE_ARCH = YES;
				SDKROOT = iphoneos;
				SWIFT_ACTIVE_COMPILATION_CONDITIONS = DEBUG;
				SWIFT_OPTIMIZATION_LEVEL = "-Onone";
			};
			name = Debug;
		};
		C289335529A0575600A7FC3D /* Release */ = {
			isa = XCBuildConfiguration;
			buildSettings = {
				ALWAYS_SEARCH_USER_PATHS = NO;
				CLANG_ANALYZER_NONNULL = YES;
				CLANG_ANALYZER_NUMBER_OBJECT_CONVERSION = YES_AGGRESSIVE;
				CLANG_CXX_LANGUAGE_STANDARD = "gnu++20";
				CLANG_ENABLE_MODULES = YES;
				CLANG_ENABLE_OBJC_ARC = YES;
				CLANG_ENABLE_OBJC_WEAK = YES;
				CLANG_WARN_BLOCK_CAPTURE_AUTORELEASING = YES;
				CLANG_WARN_BOOL_CONVERSION = YES;
				CLANG_WARN_COMMA = YES;
				CLANG_WARN_CONSTANT_CONVERSION = YES;
				CLANG_WARN_DEPRECATED_OBJC_IMPLEMENTATIONS = YES;
				CLANG_WARN_DIRECT_OBJC_ISA_USAGE = YES_ERROR;
				CLANG_WARN_DOCUMENTATION_COMMENTS = YES;
				CLANG_WARN_EMPTY_BODY = YES;
				CLANG_WARN_ENUM_CONVERSION = YES;
				CLANG_WARN_INFINITE_RECURSION = YES;
				CLANG_WARN_INT_CONVERSION = YES;
				CLANG_WARN_NON_LITERAL_NULL_CONVERSION = YES;
				CLANG_WARN_OBJC_IMPLICIT_RETAIN_SELF = YES;
				CLANG_WARN_OBJC_LITERAL_CONVERSION = YES;
				CLANG_WARN_OBJC_ROOT_CLASS = YES_ERROR;
				CLANG_WARN_QUOTED_INCLUDE_IN_FRAMEWORK_HEADER = YES;
				CLANG_WARN_RANGE_LOOP_ANALYSIS = YES;
				CLANG_WARN_STRICT_PROTOTYPES = YES;
				CLANG_WARN_SUSPICIOUS_MOVE = YES;
				CLANG_WARN_UNGUARDED_AVAILABILITY = YES_AGGRESSIVE;
				CLANG_WARN_UNREACHABLE_CODE = YES;
				CLANG_WARN__DUPLICATE_METHOD_MATCH = YES;
				COPY_PHASE_STRIP = NO;
				DEBUG_INFORMATION_FORMAT = "dwarf-with-dsym";
				ENABLE_NS_ASSERTIONS = NO;
				ENABLE_STRICT_OBJC_MSGSEND = YES;
				GCC_C_LANGUAGE_STANDARD = gnu11;
				GCC_NO_COMMON_BLOCKS = YES;
				GCC_WARN_64_TO_32_BIT_CONVERSION = YES;
				GCC_WARN_ABOUT_RETURN_TYPE = YES_ERROR;
				GCC_WARN_UNDECLARED_SELECTOR = YES;
				GCC_WARN_UNINITIALIZED_AUTOS = YES_AGGRESSIVE;
				GCC_WARN_UNUSED_FUNCTION = YES;
				GCC_WARN_UNUSED_VARIABLE = YES;
				IPHONEOS_DEPLOYMENT_TARGET = 16.2;
				MTL_ENABLE_DEBUG_INFO = NO;
				MTL_FAST_MATH = YES;
				SDKROOT = iphoneos;
				SWIFT_COMPILATION_MODE = wholemodule;
				SWIFT_OPTIMIZATION_LEVEL = "-O";
				VALIDATE_PRODUCT = YES;
			};
			name = Release;
		};
		C289335729A0575600A7FC3D /* Debug */ = {
			isa = XCBuildConfiguration;
			buildSettings = {
				ASSETCATALOG_COMPILER_APPICON_NAME = AppIcon;
				ASSETCATALOG_COMPILER_GLOBAL_ACCENT_COLOR_NAME = AccentColor;
				CODE_SIGN_STYLE = Automatic;
				CURRENT_PROJECT_VERSION = 1;
				GENERATE_INFOPLIST_FILE = YES;
				INFOPLIST_FILE = MapKitExample/Info.plist;
				INFOPLIST_KEY_UIApplicationSupportsIndirectInputEvents = YES;
				INFOPLIST_KEY_UILaunchStoryboardName = LaunchScreen;
				INFOPLIST_KEY_UIMainStoryboardFile = Main;
				INFOPLIST_KEY_UISupportedInterfaceOrientations_iPad = "UIInterfaceOrientationPortrait UIInterfaceOrientationPortraitUpsideDown UIInterfaceOrientationLandscapeLeft UIInterfaceOrientationLandscapeRight";
				INFOPLIST_KEY_UISupportedInterfaceOrientations_iPhone = "UIInterfaceOrientationPortrait UIInterfaceOrientationLandscapeLeft UIInterfaceOrientationLandscapeRight";
				LD_RUNPATH_SEARCH_PATHS = (
					"$(inherited)",
					"@executable_path/Frameworks",
				);
				MARKETING_VERSION = 1.0;
				PRODUCT_BUNDLE_IDENTIFIER = com.wellsayd.MapKitExample;
				PRODUCT_NAME = "$(TARGET_NAME)";
				SWIFT_EMIT_LOC_STRINGS = YES;
				SWIFT_VERSION = 5.0;
				TARGETED_DEVICE_FAMILY = "1,2";
			};
			name = Debug;
		};
		C289335829A0575600A7FC3D /* Release */ = {
			isa = XCBuildConfiguration;
			buildSettings = {
				ASSETCATALOG_COMPILER_APPICON_NAME = AppIcon;
				ASSETCATALOG_COMPILER_GLOBAL_ACCENT_COLOR_NAME = AccentColor;
				CODE_SIGN_STYLE = Automatic;
				CURRENT_PROJECT_VERSION = 1;
				GENERATE_INFOPLIST_FILE = YES;
				INFOPLIST_FILE = MapKitExample/Info.plist;
				INFOPLIST_KEY_UIApplicationSupportsIndirectInputEvents = YES;
				INFOPLIST_KEY_UILaunchStoryboardName = LaunchScreen;
				INFOPLIST_KEY_UIMainStoryboardFile = Main;
				INFOPLIST_KEY_UISupportedInterfaceOrientations_iPad = "UIInterfaceOrientationPortrait UIInterfaceOrientationPortraitUpsideDown UIInterfaceOrientationLandscapeLeft UIInterfaceOrientationLandscapeRight";
				INFOPLIST_KEY_UISupportedInterfaceOrientations_iPhone = "UIInterfaceOrientationPortrait UIInterfaceOrientationLandscapeLeft UIInterfaceOrientationLandscapeRight";
				LD_RUNPATH_SEARCH_PATHS = (
					"$(inherited)",
					"@executable_path/Frameworks",
				);
				MARKETING_VERSION = 1.0;
				PRODUCT_BUNDLE_IDENTIFIER = com.wellsayd.MapKitExample;
				PRODUCT_NAME = "$(TARGET_NAME)";
				SWIFT_EMIT_LOC_STRINGS = YES;
				SWIFT_VERSION = 5.0;
				TARGETED_DEVICE_FAMILY = "1,2";
			};
			name = Release;
		};
/* End XCBuildConfiguration section */

/* Begin XCConfigurationList section */
		C289333D29A0575400A7FC3D /* Build configuration list for PBXProject "MapKitExample" */ = {
			isa = XCConfigurationList;
			buildConfigurations = (
				C289335429A0575600A7FC3D /* Debug */,
				C289335529A0575600A7FC3D /* Release */,
			);
			defaultConfigurationIsVisible = 0;
			defaultConfigurationName = Release;
		};
		C289335629A0575600A7FC3D /* Build configuration list for PBXNativeTarget "MapKitExample" */ = {
			isa = XCConfigurationList;
			buildConfigurations = (
				C289335729A0575600A7FC3D /* Debug */,
				C289335829A0575600A7FC3D /* Release */,
			);
			defaultConfigurationIsVisible = 0;
			defaultConfigurationName = Release;
		};
/* End XCConfigurationList section */
	};
	rootObject = C289333A29A0575400A7FC3D /* Project object */;
}
